
Microsoft Visual Studio Solution File, Format Version 12.00
# Visual Studio Version 16
VisualStudioVersion = 16.0.31729.503
MinimumVisualStudioVersion = 10.0.40219.1
Project("{FAE04EC0-301F-11D3-BF4B-00C04F79EFBC}") = "ASCII_graphics", "ASCII_graphics\ASCII_graphics.csproj", "{8AA8C3D7-6BF5-452B-8724-B1E53121BD34}"
EndProject
Global
	GlobalSection(SolutionConfigurationPlatforms) = preSolution
		Debug|Any CPU = Debug|Any CPU
		Release|Any CPU = Release|Any CPU
	EndGlobalSection
	GlobalSection(ProjectConfigurationPlatforms) = postSolution
		{8AA8C3D7-6BF5-452B-8724-B1E53121BD34}.Debug|Any CPU.ActiveCfg = Debug|Any CPU
		{8AA8C3D7-6BF5-452B-8724-B1E53121BD34}.Debug|Any CPU.Build.0 = Debug|Any CPU
		{8AA8C3D7-6BF5-452B-8724-B1E53121BD34}.Release|Any CPU.ActiveCfg = Release|Any CPU
		{8AA8C3D7-6BF5-452B-8724-B1E53121BD34}.Release|Any CPU.Build.0 = Release|Any CPU
	EndGlobalSection
	GlobalSection(SolutionProperties) = preSolution
		HideSolutionNode = FALSE
	EndGlobalSection
	GlobalSection(ExtensibilityGlobals) = postSolution
		SolutionGuid = {00811852-4F72-4214-A4A5-27658435DB74}
	EndGlobalSection
EndGlobal
